
Microsoft Visual Studio Solution File, Format Version 12.00
# Visual Studio Version 16
VisualStudioVersion = 16.0.30621.155
MinimumVisualStudioVersion = 10.0.40219.1
Project("{FAE04EC0-301F-11D3-BF4B-00C04F79EFBC}") = "APBD_Cw10", "APBD_Cw10\APBD_Cw10.csproj", "{1863E78B-1C36-4A99-B270-659556ACCDED}"
EndProject
Global
	GlobalSection(SolutionConfigurationPlatforms) = preSolution
		Debug|Any CPU = Debug|Any CPU
		Release|Any CPU = Release|Any CPU
	EndGlobalSection
	GlobalSection(ProjectConfigurationPlatforms) = postSolution
		{1863E78B-1C36-4A99-B270-659556ACCDED}.Debug|Any CPU.ActiveCfg = Debug|Any CPU
		{1863E78B-1C36-4A99-B270-659556ACCDED}.Debug|Any CPU.Build.0 = Debug|Any CPU
		{1863E78B-1C36-4A99-B270-659556ACCDED}.Release|Any CPU.ActiveCfg = Release|Any CPU
		{1863E78B-1C36-4A99-B270-659556ACCDED}.Release|Any CPU.Build.0 = Release|Any CPU
	EndGlobalSection
	GlobalSection(SolutionProperties) = preSolution
		HideSolutionNode = FALSE
	EndGlobalSection
	GlobalSection(ExtensibilityGlobals) = postSolution
		SolutionGuid = {EC876E52-5F90-473A-BB6C-B2B70880F87A}
	EndGlobalSection
EndGlobal
